
Microsoft Visual Studio Solution File, Format Version 12.00
# Visual Studio 15
VisualStudioVersion = 15.0.28307.757
MinimumVisualStudioVersion = 10.0.40219.1
Project("{FAE04EC0-301F-11D3-BF4B-00C04F79EFBC}") = "ClassLibrary1", "ClassLibrary1\ClassLibrary1.csproj", "{B53D0906-21EC-424A-AA5F-E16C9F090EC0}"
EndProject
Project("{FAE04EC0-301F-11D3-BF4B-00C04F79EFBC}") = "ClassLibraryTest", "ClassLibraryTest\ClassLibraryTest.csproj", "{F2987118-689B-49B7-8305-49130A8951B9}"
EndProject
Global
	GlobalSection(SolutionConfigurationPlatforms) = preSolution
		Debug|Any CPU = Debug|Any CPU
		Release|Any CPU = Release|Any CPU
	EndGlobalSection
	GlobalSection(ProjectConfigurationPlatforms) = postSolution
		{B53D0906-21EC-424A-AA5F-E16C9F090EC0}.Debug|Any CPU.ActiveCfg = Debug|Any CPU
		{B53D0906-21EC-424A-AA5F-E16C9F090EC0}.Debug|Any CPU.Build.0 = Debug|Any CPU
		{B53D0906-21EC-424A-AA5F-E16C9F090EC0}.Release|Any CPU.ActiveCfg = Release|Any CPU
		{B53D0906-21EC-424A-AA5F-E16C9F090EC0}.Release|Any CPU.Build.0 = Release|Any CPU
		{F2987118-689B-49B7-8305-49130A8951B9}.Debug|Any CPU.ActiveCfg = Debug|Any CPU
		{F2987118-689B-49B7-8305-49130A8951B9}.Debug|Any CPU.Build.0 = Debug|Any CPU
		{F2987118-689B-49B7-8305-49130A8951B9}.Release|Any CPU.ActiveCfg = Release|Any CPU
		{F2987118-689B-49B7-8305-49130A8951B9}.Release|Any CPU.Build.0 = Release|Any CPU
	EndGlobalSection
	GlobalSection(SolutionProperties) = preSolution
		HideSolutionNode = FALSE
	EndGlobalSection
	GlobalSection(ExtensibilityGlobals) = postSolution
		SolutionGuid = {22512452-EF46-4644-B3A3-4698AD5C3C43}
	EndGlobalSection
EndGlobal
